
Microsoft Visual Studio Solution File, Format Version 11.00
# Visual Studio 2010
Project("{FAE04EC0-301F-11D3-BF4B-00C04F79EFBC}") = "Controller", "Controller\Controller.csproj", "{DE9E8885-E00F-4D55-816E-9F684608ED49}"
EndProject
Project("{FAE04EC0-301F-11D3-BF4B-00C04F79EFBC}") = "Model", "Model\Model.csproj", "{118C6344-FD89-40E8-B56F-D95F5CFBB551}"
EndProject
Project("{FAE04EC0-301F-11D3-BF4B-00C04F79EFBC}") = "View", "View\View.csproj", "{D4FA7B77-ACCA-482B-9334-963F112531C0}"
EndProject
Global
	GlobalSection(SolutionConfigurationPlatforms) = preSolution
		Debug|Any CPU = Debug|Any CPU
		Debug|Mixed Platforms = Debug|Mixed Platforms
		Debug|x86 = Debug|x86
		Release|Any CPU = Release|Any CPU
		Release|Mixed Platforms = Release|Mixed Platforms
		Release|x86 = Release|x86
	EndGlobalSection
	GlobalSection(ProjectConfigurationPlatforms) = postSolution
		{DE9E8885-E00F-4D55-816E-9F684608ED49}.Debug|Any CPU.ActiveCfg = Debug|x86
		{DE9E8885-E00F-4D55-816E-9F684608ED49}.Debug|Mixed Platforms.ActiveCfg = Debug|x86
		{DE9E8885-E00F-4D55-816E-9F684608ED49}.Debug|Mixed Platforms.Build.0 = Debug|x86
		{DE9E8885-E00F-4D55-816E-9F684608ED49}.Debug|x86.ActiveCfg = Debug|x86
		{DE9E8885-E00F-4D55-816E-9F684608ED49}.Debug|x86.Build.0 = Debug|x86
		{DE9E8885-E00F-4D55-816E-9F684608ED49}.Release|Any CPU.ActiveCfg = Release|x86
		{DE9E8885-E00F-4D55-816E-9F684608ED49}.Release|Mixed Platforms.ActiveCfg = Release|x86
		{DE9E8885-E00F-4D55-816E-9F684608ED49}.Release|Mixed Platforms.Build.0 = Release|x86
		{DE9E8885-E00F-4D55-816E-9F684608ED49}.Release|x86.ActiveCfg = Release|x86
		{DE9E8885-E00F-4D55-816E-9F684608ED49}.Release|x86.Build.0 = Release|x86
		{118C6344-FD89-40E8-B56F-D95F5CFBB551}.Debug|Any CPU.ActiveCfg = Debug|Any CPU
		{118C6344-FD89-40E8-B56F-D95F5CFBB551}.Debug|Any CPU.Build.0 = Debug|Any CPU
		{118C6344-FD89-40E8-B56F-D95F5CFBB551}.Debug|Mixed Platforms.ActiveCfg = Debug|Any CPU
		{118C6344-FD89-40E8-B56F-D95F5CFBB551}.Debug|Mixed Platforms.Build.0 = Debug|Any CPU
		{118C6344-FD89-40E8-B56F-D95F5CFBB551}.Debug|x86.ActiveCfg = Debug|Any CPU
		{118C6344-FD89-40E8-B56F-D95F5CFBB551}.Release|Any CPU.ActiveCfg = Release|Any CPU
		{118C6344-FD89-40E8-B56F-D95F5CFBB551}.Release|Any CPU.Build.0 = Release|Any CPU
		{118C6344-FD89-40E8-B56F-D95F5CFBB551}.Release|Mixed Platforms.ActiveCfg = Release|Any CPU
		{118C6344-FD89-40E8-B56F-D95F5CFBB551}.Release|Mixed Platforms.Build.0 = Release|Any CPU
		{118C6344-FD89-40E8-B56F-D95F5CFBB551}.Release|x86.ActiveCfg = Release|Any CPU
		{D4FA7B77-ACCA-482B-9334-963F112531C0}.Debug|Any CPU.ActiveCfg = Debug|Any CPU
		{D4FA7B77-ACCA-482B-9334-963F112531C0}.Debug|Any CPU.Build.0 = Debug|Any CPU
		{D4FA7B77-ACCA-482B-9334-963F112531C0}.Debug|Mixed Platforms.ActiveCfg = Debug|Any CPU
		{D4FA7B77-ACCA-482B-9334-963F112531C0}.Debug|Mixed Platforms.Build.0 = Debug|Any CPU
		{D4FA7B77-ACCA-482B-9334-963F112531C0}.Debug|x86.ActiveCfg = Debug|Any CPU
		{D4FA7B77-ACCA-482B-9334-963F112531C0}.Release|Any CPU.ActiveCfg = Release|Any CPU
		{D4FA7B77-ACCA-482B-9334-963F112531C0}.Release|Any CPU.Build.0 = Release|Any CPU
		{D4FA7B77-ACCA-482B-9334-963F112531C0}.Release|Mixed Platforms.ActiveCfg = Release|Any CPU
		{D4FA7B77-ACCA-482B-9334-963F112531C0}.Release|Mixed Platforms.Build.0 = Release|Any CPU
		{D4FA7B77-ACCA-482B-9334-963F112531C0}.Release|x86.ActiveCfg = Release|Any CPU
	EndGlobalSection
	GlobalSection(SolutionProperties) = preSolution
		HideSolutionNode = FALSE
	EndGlobalSection
EndGlobal
